
Microsoft Visual Studio Solution File, Format Version 12.00
# Visual Studio 15
VisualStudioVersion = 15.0.27130.2020
MinimumVisualStudioVersion = 10.0.40219.1
Project("{FAE04EC0-301F-11D3-BF4B-00C04F79EFBC}") = "DbTester", "DbTester\DbTester.csproj", "{1E8B2FC6-9F22-4CCB-AF32-38E12BC7D190}"
EndProject
Global
	GlobalSection(SolutionConfigurationPlatforms) = preSolution
		Debug|Any CPU = Debug|Any CPU
		Release|Any CPU = Release|Any CPU
	EndGlobalSection
	GlobalSection(ProjectConfigurationPlatforms) = postSolution
		{1E8B2FC6-9F22-4CCB-AF32-38E12BC7D190}.Debug|Any CPU.ActiveCfg = Debug|Any CPU
		{1E8B2FC6-9F22-4CCB-AF32-38E12BC7D190}.Debug|Any CPU.Build.0 = Debug|Any CPU
		{1E8B2FC6-9F22-4CCB-AF32-38E12BC7D190}.Release|Any CPU.ActiveCfg = Release|Any CPU
		{1E8B2FC6-9F22-4CCB-AF32-38E12BC7D190}.Release|Any CPU.Build.0 = Release|Any CPU
	EndGlobalSection
	GlobalSection(SolutionProperties) = preSolution
		HideSolutionNode = FALSE
	EndGlobalSection
	GlobalSection(ExtensibilityGlobals) = postSolution
		SolutionGuid = {5A7C19DA-F852-4E05-83FC-E4C10E3D7C2E}
	EndGlobalSection
EndGlobal
